
Microsoft Visual Studio Solution File, Format Version 12.00
# Visual Studio 15
VisualStudioVersion = 15.0.26124.0
MinimumVisualStudioVersion = 15.0.26124.0
Project("{FAE04EC0-301F-11D3-BF4B-00C04F79EFBC}") = "API", "API\API.csproj", "{0C9EC581-5586-45C9-AD07-94E92EF7CC2F}"
EndProject
Project("{FAE04EC0-301F-11D3-BF4B-00C04F79EFBC}") = "Core", "Core\Core.csproj", "{C619B1BD-13A6-4E12-B160-E50505263662}"
EndProject
Project("{FAE04EC0-301F-11D3-BF4B-00C04F79EFBC}") = "Infrastructure", "Infrastructure\Infrastructure.csproj", "{451BD9A1-1E39-47A1-A4DE-F5FEA4341010}"
EndProject
Global
	GlobalSection(SolutionConfigurationPlatforms) = preSolution
		Debug|Any CPU = Debug|Any CPU
		Debug|x64 = Debug|x64
		Debug|x86 = Debug|x86
		Release|Any CPU = Release|Any CPU
		Release|x64 = Release|x64
		Release|x86 = Release|x86
	EndGlobalSection
	GlobalSection(SolutionProperties) = preSolution
		HideSolutionNode = FALSE
	EndGlobalSection
	GlobalSection(ProjectConfigurationPlatforms) = postSolution
		{0C9EC581-5586-45C9-AD07-94E92EF7CC2F}.Debug|Any CPU.ActiveCfg = Debug|Any CPU
		{0C9EC581-5586-45C9-AD07-94E92EF7CC2F}.Debug|Any CPU.Build.0 = Debug|Any CPU
		{0C9EC581-5586-45C9-AD07-94E92EF7CC2F}.Debug|x64.ActiveCfg = Debug|Any CPU
		{0C9EC581-5586-45C9-AD07-94E92EF7CC2F}.Debug|x64.Build.0 = Debug|Any CPU
		{0C9EC581-5586-45C9-AD07-94E92EF7CC2F}.Debug|x86.ActiveCfg = Debug|Any CPU
		{0C9EC581-5586-45C9-AD07-94E92EF7CC2F}.Debug|x86.Build.0 = Debug|Any CPU
		{0C9EC581-5586-45C9-AD07-94E92EF7CC2F}.Release|Any CPU.ActiveCfg = Release|Any CPU
		{0C9EC581-5586-45C9-AD07-94E92EF7CC2F}.Release|Any CPU.Build.0 = Release|Any CPU
		{0C9EC581-5586-45C9-AD07-94E92EF7CC2F}.Release|x64.ActiveCfg = Release|Any CPU
		{0C9EC581-5586-45C9-AD07-94E92EF7CC2F}.Release|x64.Build.0 = Release|Any CPU
		{0C9EC581-5586-45C9-AD07-94E92EF7CC2F}.Release|x86.ActiveCfg = Release|Any CPU
		{0C9EC581-5586-45C9-AD07-94E92EF7CC2F}.Release|x86.Build.0 = Release|Any CPU
		{C619B1BD-13A6-4E12-B160-E50505263662}.Debug|Any CPU.ActiveCfg = Debug|Any CPU
		{C619B1BD-13A6-4E12-B160-E50505263662}.Debug|Any CPU.Build.0 = Debug|Any CPU
		{C619B1BD-13A6-4E12-B160-E50505263662}.Debug|x64.ActiveCfg = Debug|Any CPU
		{C619B1BD-13A6-4E12-B160-E50505263662}.Debug|x64.Build.0 = Debug|Any CPU
		{C619B1BD-13A6-4E12-B160-E50505263662}.Debug|x86.ActiveCfg = Debug|Any CPU
		{C619B1BD-13A6-4E12-B160-E50505263662}.Debug|x86.Build.0 = Debug|Any CPU
		{C619B1BD-13A6-4E12-B160-E50505263662}.Release|Any CPU.ActiveCfg = Release|Any CPU
		{C619B1BD-13A6-4E12-B160-E50505263662}.Release|Any CPU.Build.0 = Release|Any CPU
		{C619B1BD-13A6-4E12-B160-E50505263662}.Release|x64.ActiveCfg = Release|Any CPU
		{C619B1BD-13A6-4E12-B160-E50505263662}.Release|x64.Build.0 = Release|Any CPU
		{C619B1BD-13A6-4E12-B160-E50505263662}.Release|x86.ActiveCfg = Release|Any CPU
		{C619B1BD-13A6-4E12-B160-E50505263662}.Release|x86.Build.0 = Release|Any CPU
		{451BD9A1-1E39-47A1-A4DE-F5FEA4341010}.Debug|Any CPU.ActiveCfg = Debug|Any CPU
		{451BD9A1-1E39-47A1-A4DE-F5FEA4341010}.Debug|Any CPU.Build.0 = Debug|Any CPU
		{451BD9A1-1E39-47A1-A4DE-F5FEA4341010}.Debug|x64.ActiveCfg = Debug|Any CPU
		{451BD9A1-1E39-47A1-A4DE-F5FEA4341010}.Debug|x64.Build.0 = Debug|Any CPU
		{451BD9A1-1E39-47A1-A4DE-F5FEA4341010}.Debug|x86.ActiveCfg = Debug|Any CPU
		{451BD9A1-1E39-47A1-A4DE-F5FEA4341010}.Debug|x86.Build.0 = Debug|Any CPU
		{451BD9A1-1E39-47A1-A4DE-F5FEA4341010}.Release|Any CPU.ActiveCfg = Release|Any CPU
		{451BD9A1-1E39-47A1-A4DE-F5FEA4341010}.Release|Any CPU.Build.0 = Release|Any CPU
		{451BD9A1-1E39-47A1-A4DE-F5FEA4341010}.Release|x64.ActiveCfg = Release|Any CPU
		{451BD9A1-1E39-47A1-A4DE-F5FEA4341010}.Release|x64.Build.0 = Release|Any CPU
		{451BD9A1-1E39-47A1-A4DE-F5FEA4341010}.Release|x86.ActiveCfg = Release|Any CPU
		{451BD9A1-1E39-47A1-A4DE-F5FEA4341010}.Release|x86.Build.0 = Release|Any CPU
	EndGlobalSection
EndGlobal
